<?xml version="1.0" encoding="utf-8"?>
<Project ToolsVersion="4.0" xmlns="http://schemas.microsoft.com/developer/msbuild/2003">
  <ItemGroup>
    <Filter Include="Tangram">
      <UniqueIdentifier>{0FE62030-7BC5-9FCB-84DD-2AA2F03B062D}</UniqueIdentifier>
    </Filter>
    <Filter Include="Tangram\Events">
      <UniqueIdentifier>{134BB394-FF18-A79A-E8AC-17C1D41983FF}</UniqueIdentifier>
    </Filter>
    <Filter Include="Tangram\ImGui">
      <UniqueIdentifier>{796A6790-E52A-E3C6-AE65-2C441AE527A3}</UniqueIdentifier>
    </Filter>
    <Filter Include="Tangram\Plateform">
      <UniqueIdentifier>{08B8C504-74CE-C39A-BD45-4FBC299B9422}</UniqueIdentifier>
    </Filter>
    <Filter Include="Tangram\Plateform\OpenGL">
      <UniqueIdentifier>{3C0892EA-282D-E16A-5178-C6FA3DFCDF88}</UniqueIdentifier>
    </Filter>
    <Filter Include="Tangram\Plateform\Windows">
      <UniqueIdentifier>{42EAEE94-AEAC-221F-F75C-B1AB635EFBFC}</UniqueIdentifier>
    </Filter>
  </ItemGroup>
  <ItemGroup>
    <ClInclude Include="src\Tangram.h" />
    <ClInclude Include="src\Tangram\Application.h">
      <Filter>Tangram</Filter>
    </ClInclude>
    <ClInclude Include="src\Tangram\Core.h">
      <Filter>Tangram</Filter>
    </ClInclude>
    <ClInclude Include="src\Tangram\EntryPoint.h">
      <Filter>Tangram</Filter>
    </ClInclude>
    <ClInclude Include="src\Tangram\Events\ApplicationEvent.h">
      <Filter>Tangram\Events</Filter>
    </ClInclude>
    <ClInclude Include="src\Tangram\Events\Event.h">
      <Filter>Tangram\Events</Filter>
    </ClInclude>
    <ClInclude Include="src\Tangram\Events\KeyEvent.h">
      <Filter>Tangram\Events</Filter>
    </ClInclude>
    <ClInclude Include="src\Tangram\Events\MouseEvent.h">
      <Filter>Tangram\Events</Filter>
    </ClInclude>
    <ClInclude Include="src\Tangram\ImGui\ImgGuiLayer.h">
      <Filter>Tangram\ImGui</Filter>
    </ClInclude>
    <ClInclude Include="src\Tangram\Layer.h">
      <Filter>Tangram</Filter>
    </ClInclude>
    <ClInclude Include="src\Tangram\LayerStack.h">
      <Filter>Tangram</Filter>
    </ClInclude>
    <ClInclude Include="src\Tangram\Log.h">
      <Filter>Tangram</Filter>
    </ClInclude>
    <ClInclude Include="src\Tangram\Plateform\OpenGL\ImgGuiOpenRender.h">
      <Filter>Tangram\Plateform\OpenGL</Filter>
    </ClInclude>
    <ClInclude Include="src\Tangram\Plateform\Windows\WindowsWindow.h">
      <Filter>Tangram\Plateform\Windows</Filter>
    </ClInclude>
    <ClInclude Include="src\Tangram\Window.h">
      <Filter>Tangram</Filter>
    </ClInclude>
    <ClInclude Include="src\tgpch.h" />
  </ItemGroup>
  <ItemGroup>
    <ClCompile Include="src\Tangram\Application.cpp">
      <Filter>Tangram</Filter>
    </ClCompile>
    <ClCompile Include="src\Tangram\ImGui\ImgGuiLayer.cpp">
      <Filter>Tangram\ImGui</Filter>
    </ClCompile>
    <ClCompile Include="src\Tangram\Layer.cpp">
      <Filter>Tangram</Filter>
    </ClCompile>
    <ClCompile Include="src\Tangram\LayerStack.cpp">
      <Filter>Tangram</Filter>
    </ClCompile>
    <ClCompile Include="src\Tangram\Log.cpp">
      <Filter>Tangram</Filter>
    </ClCompile>
    <ClCompile Include="src\Tangram\Plateform\OpenGL\ImgGuiOpenRender.cpp">
      <Filter>Tangram\Plateform\OpenGL</Filter>
    </ClCompile>
    <ClCompile Include="src\Tangram\Plateform\Windows\WindowsWindow.cpp">
      <Filter>Tangram\Plateform\Windows</Filter>
    </ClCompile>
    <ClCompile Include="src\tgpch.cpp" />
  </ItemGroup>
</Project>